# THIS IS AN AUTOGENERATED FILE. DO NOT EDIT THIS FILE DIRECTLY.
# yarn lockfile v1


"three@^0.141.0":
  "integrity" "sha512-JaSDAPWuk4RTzG5BYRQm8YZbERUxTfTDVouWgHMisS2to4E5fotMS9F2zPFNOIJyEFTTQDDKPpsgZVThKU3pXA=="
  "resolved" "https://registry.npmjs.org/three/-/three-0.141.0.tgz"
  "version" "0.141.0"
